
Microsoft Visual Studio Solution File, Format Version 12.00
# Visual Studio Version 17
VisualStudioVersion = 17.14.36811.4 d17.14
MinimumVisualStudioVersion = 10.0.40219.1
Project("{FAE04EC0-301F-11D3-BF4B-00C04F79EFBC}") = "LMDModMenu", "LMDModMenu.csproj", "{D20F3986-9BBA-4103-A22A-18BA938B327A}"
EndProject
Global
	GlobalSection(SolutionConfigurationPlatforms) = preSolution
		Debug|Any CPU = Debug|Any CPU
		Release|Any CPU = Release|Any CPU
	EndGlobalSection
	GlobalSection(ProjectConfigurationPlatforms) = postSolution
		{D20F3986-9BBA-4103-A22A-18BA938B327A}.Debug|Any CPU.ActiveCfg = Debug|Any CPU
		{D20F3986-9BBA-4103-A22A-18BA938B327A}.Debug|Any CPU.Build.0 = Debug|Any CPU
		{D20F3986-9BBA-4103-A22A-18BA938B327A}.Release|Any CPU.ActiveCfg = Release|Any CPU
		{D20F3986-9BBA-4103-A22A-18BA938B327A}.Release|Any CPU.Build.0 = Release|Any CPU
	EndGlobalSection
	GlobalSection(SolutionProperties) = preSolution
		HideSolutionNode = FALSE
	EndGlobalSection
	GlobalSection(ExtensibilityGlobals) = postSolution
		SolutionGuid = {50D6B4E7-84C1-4828-91B6-1DE4EA37D699}
	EndGlobalSection
EndGlobal
